// !$*UTF8*$!
{
	archiveVersion = 1;
	classes = {
	};
	objectVersion = 46;
	objects = {

/* Begin PBXBuildFile section */
		287ADE541E25847900A2ABCC /* AppDelegate.swift in Sources */ = {isa = PBXBuildFile; fileRef = 287ADE531E25847900A2ABCC /* AppDelegate.swift */; };
		287ADE561E25847900A2ABCC /* ViewController.swift in Sources */ = {isa = PBXBuildFile; fileRef = 287ADE551E25847900A2ABCC /* ViewController.swift */; };
		287ADE591E25847900A2ABCC /* Main.storyboard in Resources */ = {isa = PBXBuildFile; fileRef = 287ADE571E25847900A2ABCC /* Main.storyboard */; };
		287ADE5B1E25847900A2ABCC /* Assets.xcassets in Resources */ = {isa = PBXBuildFile; fileRef = 287ADE5A1E25847900A2ABCC /* Assets.xcassets */; };
		287ADE5E1E25847900A2ABCC /* LaunchScreen.storyboard in Resources */ = {isa = PBXBuildFile; fileRef = 287ADE5C1E25847900A2ABCC /* LaunchScreen.storyboard */; };
		DAFFA478F8668CC78F4F0A04 /* Pods_weather.framework in Frameworks */ = {isa = PBXBuildFile; fileRef = 387044DA8C52481DED68B1CF /* Pods_weather.framework */; };
/* End PBXBuildFile section */

/* Begin PBXFileReference section */
		287ADE501E25847900A2ABCC /* weather.app */ = {isa = PBXFileReference; explicitFileType = wrapper.application; includeInIndex = 0; path = weather.app; sourceTree = BUILT_PRODUCTS_DIR; };
		287ADE531E25847900A2ABCC /* AppDelegate.swift */ = {isa = PBXFileReference; lastKnownFileType = sourcecode.swift; path = AppDelegate.swift; sourceTree = "<group>"; };
		287ADE551E25847900A2ABCC /* ViewController.swift */ = {isa = PBXFileReference; lastKnownFileType = sourcecode.swift; path = ViewController.swift; sourceTree = "<group>"; };
		287ADE581E25847900A2ABCC /* Base */ = {isa = PBXFileReference; lastKnownFileType = file.storyboard; name = Base; path = Base.lproj/Main.storyboard; sourceTree = "<group>"; };
		287ADE5A1E25847900A2ABCC /* Assets.xcassets */ = {isa = PBXFileReference; lastKnownFileType = folder.assetcatalog; path = Assets.xcassets; sourceTree = "<group>"; };
		287ADE5D1E25847900A2ABCC /* Base */ = {isa = PBXFileReference; lastKnownFileType = file.storyboard; name = Base; path = Base.lproj/LaunchScreen.storyboard; sourceTree = "<group>"; };
		287ADE5F1E25847900A2ABCC /* Info.plist */ = {isa = PBXFileReference; lastKnownFileType = text.plist.xml; path = Info.plist; sourceTree = "<group>"; };
		387044DA8C52481DED68B1CF /* Pods_weather.framework */ = {isa = PBXFileReference; explicitFileType = wrapper.framework; includeInIndex = 0; path = Pods_weather.framework; sourceTree = BUILT_PRODUCTS_DIR; };
		88521A5901927A0D4FE70B81 /* Pods-weather.debug.xcconfig */ = {isa = PBXFileReference; includeInIndex = 1; lastKnownFileType = text.xcconfig; name = "Pods-weather.debug.xcconfig"; path = "Pods/Target Support Files/Pods-weather/Pods-weather.debug.xcconfig"; sourceTree = "<group>"; };
		A3269406F30FC90BC5AA65BF /* Pods-weather.release.xcconfig */ = {isa = PBXFileReference; includeInIndex = 1; lastKnownFileType = text.xcconfig; name = "Pods-weather.release.xcconfig"; path = "Pods/Target Support Files/Pods-weather/Pods-weather.release.xcconfig"; sourceTree = "<group>"; };
/* End PBXFileReference section */

/* Begin PBXFrameworksBuildPhase section */
		287ADE4D1E25847900A2ABCC /* Frameworks */ = {
			isa = PBXFrameworksBuildPhase;
			buildActionMask = 2147483647;
			files = (
				DAFFA478F8668CC78F4F0A04 /* Pods_weather.framework in Frameworks */,
			);
			runOnlyForDeploymentPostprocessing = 0;
		};
/* End PBXFrameworksBuildPhase section */

/* Begin PBXGroup section */
		287ADE471E25847900A2ABCC = {
			isa = PBXGroup;
			children = (
				287ADE521E25847900A2ABCC /* weather */,
				287ADE511E25847900A2ABCC /* Products */,
				493ED2DDAD925C8A977C477F /* Pods */,
				8EBC18BE02ECADCA2631AD68 /* Frameworks */,
			);
			sourceTree = "<group>";
		};
		287ADE511E25847900A2ABCC /* Products */ = {
			isa = PBXGroup;
			children = (
				287ADE501E25847900A2ABCC /* weather.app */,
			);
			name = Products;
			sourceTree = "<group>";
		};
		287ADE521E25847900A2ABCC /* weather */ = {
			isa = PBXGroup;
			children = (
				287ADE531E25847900A2ABCC /* AppDelegate.swift */,
				287ADE551E25847900A2ABCC /* ViewController.swift */,
				287ADE571E25847900A2ABCC /* Main.storyboard */,
				287ADE5A1E25847900A2ABCC /* Assets.xcassets */,
				287ADE5C1E25847900A2ABCC /* LaunchScreen.storyboard */,
				287ADE5F1E25847900A2ABCC /* Info.plist */,
			);
			path = weather;
			sourceTree = "<group>";
		};
		493ED2DDAD925C8A977C477F /* Pods */ = {
			isa = PBXGroup;
			children = (
				88521A5901927A0D4FE70B81 /* Pods-weather.debug.xcconfig */,
				A3269406F30FC90BC5AA65BF /* Pods-weather.release.xcconfig */,
			);
			name = Pods;
			sourceTree = "<group>";
		};
		8EBC18BE02ECADCA2631AD68 /* Frameworks */ = {
			isa = PBXGroup;
			children = (
				387044DA8C52481DED68B1CF /* Pods_weather.framework */,
			);
			name = Frameworks;
			sourceTree = "<group>";
		};
/* End PBXGroup section */

/* Begin PBXNativeTarget section */
		287ADE4F1E25847900A2ABCC /* weather */ = {
			isa = PBXNativeTarget;
			buildConfigurationList = 287ADE621E25847900A2ABCC /* Build configuration list for PBXNativeTarget "weather" */;
			buildPhases = (
				D0AEC25C99A71D0121253190 /* [CP] Check Pods Manifest.lock */,
				287ADE4C1E25847900A2ABCC /* Sources */,
				287ADE4D1E25847900A2ABCC /* Frameworks */,
				287ADE4E1E25847900A2ABCC /* Resources */,
				446A9C14883B0FBF3D28FEFD /* [CP] Embed Pods Frameworks */,
				D648DF42F023AF3854AFAD70 /* [CP] Copy Pods Resources */,
			);
			buildRules = (
			);
			dependencies = (
			);
			name = weather;
			productName = weather;
			productReference = 287ADE501E25847900A2ABCC /* weather.app */;
			productType = "com.apple.product-type.application";
		};
/* End PBXNativeTarget section */

/* Begin PBXProject section */
		287ADE481E25847900A2ABCC /* Project object */ = {
			isa = PBXProject;
			attributes = {
				LastSwiftUpdateCheck = 0820;
				LastUpgradeCheck = 0820;
				ORGANIZATIONNAME = Billy;
				TargetAttributes = {
					287ADE4F1E25847900A2ABCC = {
						CreatedOnToolsVersion = 8.2.1;
						DevelopmentTeam = BQ64AM57S3;
						ProvisioningStyle = Automatic;
					};
				};
			};
			buildConfigurationList = 287ADE4B1E25847900A2ABCC /* Build configuration list for PBXProject "weather" */;
			compatibilityVersion = "Xcode 3.2";
			developmentRegion = English;
			hasScannedForEncodings = 0;
			knownRegions = (
				en,
				Base,
			);
			mainGroup = 287ADE471E25847900A2ABCC;
			productRefGroup = 287ADE511E25847900A2ABCC /* Products */;
			projectDirPath = "";
			projectRoot = "";
			targets = (
				287ADE4F1E25847900A2ABCC /* weather */,
			);
		};
/* End PBXProject section */

/* Begin PBXResourcesBuildPhase section */
		287ADE4E1E25847900A2ABCC /* Resources */ = {
			isa = PBXResourcesBuildPhase;
			buildActionMask = 2147483647;
			files = (
				287ADE5E1E25847900A2ABCC /* LaunchScreen.storyboard in Resources */,
				287ADE5B1E25847900A2ABCC /* Assets.xcassets in Resources */,
				287ADE591E25847900A2ABCC /* Main.storyboard in Resources */,
			);
			runOnlyForDeploymentPostprocessing = 0;
		};
/* End PBXResourcesBuildPhase section */

/* Begin PBXShellScriptBuildPhase section */
		446A9C14883B0FBF3D28FEFD /* [CP] Embed Pods Frameworks */ = {
			isa = PBXShellScriptBuildPhase;
			buildActionMask = 2147483647;
			files = (
			);
			inputPaths = (
			);
			name = "[CP] Embed Pods Frameworks";
			outputPaths = (
			);
			runOnlyForDeploymentPostprocessing = 0;
			shellPath = /bin/sh;
			shellScript = "\"${SRCROOT}/Pods/Target Support Files/Pods-weather/Pods-weather-frameworks.sh\"\n";
			showEnvVarsInLog = 0;
		};
		D0AEC25C99A71D0121253190 /* [CP] Check Pods Manifest.lock */ = {
			isa = PBXShellScriptBuildPhase;
			buildActionMask = 2147483647;
			files = (
			);
			inputPaths = (
			);
			name = "[CP] Check Pods Manifest.lock";
			outputPaths = (
			);
			runOnlyForDeploymentPostprocessing = 0;
			shellPath = /bin/sh;
			shellScript = "diff \"${PODS_ROOT}/../Podfile.lock\" \"${PODS_ROOT}/Manifest.lock\" > /dev/null\nif [ $? != 0 ] ; then\n    # print error to STDERR\n    echo \"error: The sandbox is not in sync with the Podfile.lock. Run 'pod install' or update your CocoaPods installation.\" >&2\n    exit 1\nfi\n";
			showEnvVarsInLog = 0;
		};
		D648DF42F023AF3854AFAD70 /* [CP] Copy Pods Resources */ = {
			isa = PBXShellScriptBuildPhase;
			buildActionMask = 2147483647;
			files = (
			);
			inputPaths = (
			);
			name = "[CP] Copy Pods Resources";
			outputPaths = (
			);
			runOnlyForDeploymentPostprocessing = 0;
			shellPath = /bin/sh;
			shellScript = "\"${SRCROOT}/Pods/Target Support Files/Pods-weather/Pods-weather-resources.sh\"\n";
			showEnvVarsInLog = 0;
		};
/* End PBXShellScriptBuildPhase section */

/* Begin PBXSourcesBuildPhase section */
		287ADE4C1E25847900A2ABCC /* Sources */ = {
			isa = PBXSourcesBuildPhase;
			buildActionMask = 2147483647;
			files = (
				287ADE561E25847900A2ABCC /* ViewController.swift in Sources */,
				287ADE541E25847900A2ABCC /* AppDelegate.swift in Sources */,
			);
			runOnlyForDeploymentPostprocessing = 0;
		};
/* End PBXSourcesBuildPhase section */

/* Begin PBXVariantGroup section */
		287ADE571E25847900A2ABCC /* Main.storyboard */ = {
			isa = PBXVariantGroup;
			children = (
				287ADE581E25847900A2ABCC /* Base */,
			);
			name = Main.storyboard;
			sourceTree = "<group>";
		};
		287ADE5C1E25847900A2ABCC /* LaunchScreen.storyboard */ = {
			isa = PBXVariantGroup;
			children = (
				287ADE5D1E25847900A2ABCC /* Base */,
			);
			name = LaunchScreen.storyboard;
			sourceTree = "<group>";
		};
/* End PBXVariantGroup section */

/* Begin XCBuildConfiguration section */
		287ADE601E25847900A2ABCC /* Debug */ = {
			isa = XCBuildConfiguration;
			buildSettings = {
				ALWAYS_SEARCH_USER_PATHS = NO;
				CLANG_ANALYZER_NONNULL = YES;
				CLANG_CXX_LANGUAGE_STANDARD = "gnu++0x";
				CLANG_CXX_LIBRARY = "libc++";
				CLANG_ENABLE_MODULES = YES;
				CLANG_ENABLE_OBJC_ARC = YES;
				CLANG_WARN_BOOL_CONVERSION = YES;
				CLANG_WARN_CONSTANT_CONVERSION = YES;
				CLANG_WARN_DIRECT_OBJC_ISA_USAGE = YES_ERROR;
				CLANG_WARN_DOCUMENTATION_COMMENTS = YES;
				CLANG_WARN_EMPTY_BODY = YES;
				CLANG_WARN_ENUM_CONVERSION = YES;
				CLANG_WARN_INFINITE_RECURSION = YES;
				CLANG_WARN_INT_CONVERSION = YES;
				CLANG_WARN_OBJC_ROOT_CLASS = YES_ERROR;
				CLANG_WARN_SUSPICIOUS_MOVE = YES;
				CLANG_WARN_UNREACHABLE_CODE = YES;
				CLANG_WARN__DUPLICATE_METHOD_MATCH = YES;
				"CODE_SIGN_IDENTITY[sdk=iphoneos*]" = "iPhone Developer";
				COPY_PHASE_STRIP = NO;
				DEBUG_INFORMATION_FORMAT = dwarf;
				ENABLE_STRICT_OBJC_MSGSEND = YES;
				ENABLE_TESTABILITY = YES;
				GCC_C_LANGUAGE_STANDARD = gnu99;
				GCC_DYNAMIC_NO_PIC = NO;
				GCC_NO_COMMON_BLOCKS = YES;
				GCC_OPTIMIZATION_LEVEL = 0;
				GCC_PREPROCESSOR_DEFINITIONS = (
					"DEBUG=1",
					"$(inherited)",
				);
				GCC_WARN_64_TO_32_BIT_CONVERSION = YES;
				GCC_WARN_ABOUT_RETURN_TYPE = YES_ERROR;
				GCC_WARN_UNDECLARED_SELECTOR = YES;
				GCC_WARN_UNINITIALIZED_AUTOS = YES_AGGRESSIVE;
				GCC_WARN_UNUSED_FUNCTION = YES;
				GCC_WARN_UNUSED_VARIABLE = YES;
				IPHONEOS_DEPLOYMENT_TARGET = 10.2;
				MTL_ENABLE_DEBUG_INFO = YES;
				ONLY_ACTIVE_ARCH = YES;
				SDKROOT = iphoneos;
				SWIFT_ACTIVE_COMPILATION_CONDITIONS = DEBUG;
				SWIFT_OPTIMIZATION_LEVEL = "-Onone";
			};
			name = Debug;
		};
		287ADE611E25847900A2ABCC /* Release */ = {
			isa = XCBuildConfiguration;
			buildSettings = {
				ALWAYS_SEARCH_USER_PATHS = NO;
				CLANG_ANALYZER_NONNULL = YES;
				CLANG_CXX_LANGUAGE_STANDARD = "gnu++0x";
				CLANG_CXX_LIBRARY = "libc++";
				CLANG_ENABLE_MODULES = YES;
				CLANG_ENABLE_OBJC_ARC = YES;
				CLANG_WARN_BOOL_CONVERSION = YES;
				CLANG_WARN_CONSTANT_CONVERSION = YES;
				CLANG_WARN_DIRECT_OBJC_ISA_USAGE = YES_ERROR;
				CLANG_WARN_DOCUMENTATION_COMMENTS = YES;
				CLANG_WARN_EMPTY_BODY = YES;
				CLANG_WARN_ENUM_CONVERSION = YES;
				CLANG_WARN_INFINITE_RECURSION = YES;
				CLANG_WARN_INT_CONVERSION = YES;
				CLANG_WARN_OBJC_ROOT_CLASS = YES_ERROR;
				CLANG_WARN_SUSPICIOUS_MOVE = YES;
				CLANG_WARN_UNREACHABLE_CODE = YES;
				CLANG_WARN__DUPLICATE_METHOD_MATCH = YES;
				"CODE_SIGN_IDENTITY[sdk=iphoneos*]" = "iPhone Developer";
				COPY_PHASE_STRIP = NO;
				DEBUG_INFORMATION_FORMAT = "dwarf-with-dsym";
				ENABLE_NS_ASSERTIONS = NO;
				ENABLE_STRICT_OBJC_MSGSEND = YES;
				GCC_C_LANGUAGE_STANDARD = gnu99;
				GCC_NO_COMMON_BLOCKS = YES;
				GCC_WARN_64_TO_32_BIT_CONVERSION = YES;
				GCC_WARN_ABOUT_RETURN_TYPE = YES_ERROR;
				GCC_WARN_UNDECLARED_SELECTOR = YES;
				GCC_WARN_UNINITIALIZED_AUTOS = YES_AGGRESSIVE;
				GCC_WARN_UNUSED_FUNCTION = YES;
				GCC_WARN_UNUSED_VARIABLE = YES;
				IPHONEOS_DEPLOYMENT_TARGET = 10.2;
				MTL_ENABLE_DEBUG_INFO = NO;
				SDKROOT = iphoneos;
				SWIFT_OPTIMIZATION_LEVEL = "-Owholemodule";
				VALIDATE_PRODUCT = YES;
			};
			name = Release;
		};
		287ADE631E25847900A2ABCC /* Debug */ = {
			isa = XCBuildConfiguration;
			baseConfigurationReference = 88521A5901927A0D4FE70B81 /* Pods-weather.debug.xcconfig */;
			buildSettings = {
				ASSETCATALOG_COMPILER_APPICON_NAME = AppIcon;
				DEVELOPMENT_TEAM = BQ64AM57S3;
				INFOPLIST_FILE = weather/Info.plist;
				LD_RUNPATH_SEARCH_PATHS = "$(inherited) @executable_path/Frameworks";
				PRODUCT_BUNDLE_IDENTIFIER = billy1301.weather;
				PRODUCT_NAME = "$(TARGET_NAME)";
				SWIFT_VERSION = 3.0;
			};
			name = Debug;
		};
		287ADE641E25847900A2ABCC /* Release */ = {
			isa = XCBuildConfiguration;
			baseConfigurationReference = A3269406F30FC90BC5AA65BF /* Pods-weather.release.xcconfig */;
			buildSettings = {
				ASSETCATALOG_COMPILER_APPICON_NAME = AppIcon;
				DEVELOPMENT_TEAM = BQ64AM57S3;
				INFOPLIST_FILE = weather/Info.plist;
				LD_RUNPATH_SEARCH_PATHS = "$(inherited) @executable_path/Frameworks";
				PRODUCT_BUNDLE_IDENTIFIER = billy1301.weather;
				PRODUCT_NAME = "$(TARGET_NAME)";
				SWIFT_VERSION = 3.0;
			};
			name = Release;
		};
/* End XCBuildConfiguration section */

/* Begin XCConfigurationList section */
		287ADE4B1E25847900A2ABCC /* Build configuration list for PBXProject "weather" */ = {
			isa = XCConfigurationList;
			buildConfigurations = (
				287ADE601E25847900A2ABCC /* Debug */,
				287ADE611E25847900A2ABCC /* Release */,
			);
			defaultConfigurationIsVisible = 0;
			defaultConfigurationName = Release;
		};
		287ADE621E25847900A2ABCC /* Build configuration list for PBXNativeTarget "weather" */ = {
			isa = XCConfigurationList;
			buildConfigurations = (
				287ADE631E25847900A2ABCC /* Debug */,
				287ADE641E25847900A2ABCC /* Release */,
			);
			defaultConfigurationIsVisible = 0;
		};
/* End XCConfigurationList section */
	};
	rootObject = 287ADE481E25847900A2ABCC /* Project object */;
}
