// !$*UTF8*$!
{
	archiveVersion = 1;
	classes = {
	};
	objectVersion = 46;
	objects = {

/* Begin PBXBuildFile section */
		287ADE751E259D0900A2ABCC /* AppDelegate.swift in Sources */ = {isa = PBXBuildFile; fileRef = 287ADE741E259D0900A2ABCC /* AppDelegate.swift */; };
		287ADE771E259D0900A2ABCC /* WeatherVC.swift in Sources */ = {isa = PBXBuildFile; fileRef = 287ADE761E259D0900A2ABCC /* WeatherVC.swift */; };
		287ADE7A1E259D0900A2ABCC /* Main.storyboard in Resources */ = {isa = PBXBuildFile; fileRef = 287ADE781E259D0900A2ABCC /* Main.storyboard */; };
		287ADE7C1E259D0900A2ABCC /* Assets.xcassets in Resources */ = {isa = PBXBuildFile; fileRef = 287ADE7B1E259D0900A2ABCC /* Assets.xcassets */; };
		287ADE7F1E259D0900A2ABCC /* LaunchScreen.storyboard in Resources */ = {isa = PBXBuildFile; fileRef = 287ADE7D1E259D0900A2ABCC /* LaunchScreen.storyboard */; };
		287ADE8A1E25A78900A2ABCC /* Constants.swift in Sources */ = {isa = PBXBuildFile; fileRef = 287ADE891E25A78900A2ABCC /* Constants.swift */; };
		287ADE8C1E25A9C600A2ABCC /* CurrentWeather.swift in Sources */ = {isa = PBXBuildFile; fileRef = 287ADE8B1E25A9C600A2ABCC /* CurrentWeather.swift */; };
		E7CECE03C86646863B1FD458 /* Pods_WeatherApp.framework in Frameworks */ = {isa = PBXBuildFile; fileRef = EE26547390A9A63DA73DD248 /* Pods_WeatherApp.framework */; };
/* End PBXBuildFile section */

/* Begin PBXFileReference section */
		287ADE711E259D0900A2ABCC /* WeatherApp.app */ = {isa = PBXFileReference; explicitFileType = wrapper.application; includeInIndex = 0; path = WeatherApp.app; sourceTree = BUILT_PRODUCTS_DIR; };
		287ADE741E259D0900A2ABCC /* AppDelegate.swift */ = {isa = PBXFileReference; lastKnownFileType = sourcecode.swift; path = AppDelegate.swift; sourceTree = "<group>"; };
		287ADE761E259D0900A2ABCC /* WeatherVC.swift */ = {isa = PBXFileReference; lastKnownFileType = sourcecode.swift; path = WeatherVC.swift; sourceTree = "<group>"; };
		287ADE791E259D0900A2ABCC /* Base */ = {isa = PBXFileReference; lastKnownFileType = file.storyboard; name = Base; path = Base.lproj/Main.storyboard; sourceTree = "<group>"; };
		287ADE7B1E259D0900A2ABCC /* Assets.xcassets */ = {isa = PBXFileReference; lastKnownFileType = folder.assetcatalog; path = Assets.xcassets; sourceTree = "<group>"; };
		287ADE7E1E259D0900A2ABCC /* Base */ = {isa = PBXFileReference; lastKnownFileType = file.storyboard; name = Base; path = Base.lproj/LaunchScreen.storyboard; sourceTree = "<group>"; };
		287ADE801E259D0900A2ABCC /* Info.plist */ = {isa = PBXFileReference; lastKnownFileType = text.plist.xml; path = Info.plist; sourceTree = "<group>"; };
		287ADE891E25A78900A2ABCC /* Constants.swift */ = {isa = PBXFileReference; fileEncoding = 4; lastKnownFileType = sourcecode.swift; path = Constants.swift; sourceTree = "<group>"; };
		287ADE8B1E25A9C600A2ABCC /* CurrentWeather.swift */ = {isa = PBXFileReference; fileEncoding = 4; lastKnownFileType = sourcecode.swift; path = CurrentWeather.swift; sourceTree = "<group>"; };
		53C6587990D234615DC75067 /* Pods-WeatherApp.release.xcconfig */ = {isa = PBXFileReference; includeInIndex = 1; lastKnownFileType = text.xcconfig; name = "Pods-WeatherApp.release.xcconfig"; path = "Pods/Target Support Files/Pods-WeatherApp/Pods-WeatherApp.release.xcconfig"; sourceTree = "<group>"; };
		DE1A296A9EF027B21955EE31 /* Pods-WeatherApp.debug.xcconfig */ = {isa = PBXFileReference; includeInIndex = 1; lastKnownFileType = text.xcconfig; name = "Pods-WeatherApp.debug.xcconfig"; path = "Pods/Target Support Files/Pods-WeatherApp/Pods-WeatherApp.debug.xcconfig"; sourceTree = "<group>"; };
		EE26547390A9A63DA73DD248 /* Pods_WeatherApp.framework */ = {isa = PBXFileReference; explicitFileType = wrapper.framework; includeInIndex = 0; path = Pods_WeatherApp.framework; sourceTree = BUILT_PRODUCTS_DIR; };
/* End PBXFileReference section */

/* Begin PBXFrameworksBuildPhase section */
		287ADE6E1E259D0900A2ABCC /* Frameworks */ = {
			isa = PBXFrameworksBuildPhase;
			buildActionMask = 2147483647;
			files = (
				E7CECE03C86646863B1FD458 /* Pods_WeatherApp.framework in Frameworks */,
			);
			runOnlyForDeploymentPostprocessing = 0;
		};
/* End PBXFrameworksBuildPhase section */

/* Begin PBXGroup section */
		287ADE681E259D0900A2ABCC = {
			isa = PBXGroup;
			children = (
				287ADE731E259D0900A2ABCC /* WeatherApp */,
				287ADE721E259D0900A2ABCC /* Products */,
				2F9F12136647E59E26078116 /* Pods */,
				51A110DB3644A16B97229812 /* Frameworks */,
			);
			sourceTree = "<group>";
		};
		287ADE721E259D0900A2ABCC /* Products */ = {
			isa = PBXGroup;
			children = (
				287ADE711E259D0900A2ABCC /* WeatherApp.app */,
			);
			name = Products;
			sourceTree = "<group>";
		};
		287ADE731E259D0900A2ABCC /* WeatherApp */ = {
			isa = PBXGroup;
			children = (
				287ADE881E259E0B00A2ABCC /* Model */,
				287ADE871E259E0500A2ABCC /* View */,
				287ADE861E259DFF00A2ABCC /* Controller */,
				287ADE741E259D0900A2ABCC /* AppDelegate.swift */,
				287ADE781E259D0900A2ABCC /* Main.storyboard */,
				287ADE7B1E259D0900A2ABCC /* Assets.xcassets */,
				287ADE7D1E259D0900A2ABCC /* LaunchScreen.storyboard */,
				287ADE801E259D0900A2ABCC /* Info.plist */,
			);
			path = WeatherApp;
			sourceTree = "<group>";
		};
		287ADE861E259DFF00A2ABCC /* Controller */ = {
			isa = PBXGroup;
			children = (
				287ADE761E259D0900A2ABCC /* WeatherVC.swift */,
			);
			name = Controller;
			sourceTree = "<group>";
		};
		287ADE871E259E0500A2ABCC /* View */ = {
			isa = PBXGroup;
			children = (
			);
			name = View;
			sourceTree = "<group>";
		};
		287ADE881E259E0B00A2ABCC /* Model */ = {
			isa = PBXGroup;
			children = (
				287ADE891E25A78900A2ABCC /* Constants.swift */,
				287ADE8B1E25A9C600A2ABCC /* CurrentWeather.swift */,
			);
			name = Model;
			sourceTree = "<group>";
		};
		2F9F12136647E59E26078116 /* Pods */ = {
			isa = PBXGroup;
			children = (
				DE1A296A9EF027B21955EE31 /* Pods-WeatherApp.debug.xcconfig */,
				53C6587990D234615DC75067 /* Pods-WeatherApp.release.xcconfig */,
			);
			name = Pods;
			sourceTree = "<group>";
		};
		51A110DB3644A16B97229812 /* Frameworks */ = {
			isa = PBXGroup;
			children = (
				EE26547390A9A63DA73DD248 /* Pods_WeatherApp.framework */,
			);
			name = Frameworks;
			sourceTree = "<group>";
		};
/* End PBXGroup section */

/* Begin PBXNativeTarget section */
		287ADE701E259D0900A2ABCC /* WeatherApp */ = {
			isa = PBXNativeTarget;
			buildConfigurationList = 287ADE831E259D0900A2ABCC /* Build configuration list for PBXNativeTarget "WeatherApp" */;
			buildPhases = (
				3A607867AE1F32D6828D4DB9 /* [CP] Check Pods Manifest.lock */,
				287ADE6D1E259D0900A2ABCC /* Sources */,
				287ADE6E1E259D0900A2ABCC /* Frameworks */,
				287ADE6F1E259D0900A2ABCC /* Resources */,
				2FD2E3B79C2AC048EF955401 /* [CP] Embed Pods Frameworks */,
				4FD239B6D0E0CEE5156C4DE4 /* [CP] Copy Pods Resources */,
			);
			buildRules = (
			);
			dependencies = (
			);
			name = WeatherApp;
			productName = WeatherApp;
			productReference = 287ADE711E259D0900A2ABCC /* WeatherApp.app */;
			productType = "com.apple.product-type.application";
		};
/* End PBXNativeTarget section */

/* Begin PBXProject section */
		287ADE691E259D0900A2ABCC /* Project object */ = {
			isa = PBXProject;
			attributes = {
				LastSwiftUpdateCheck = 0820;
				LastUpgradeCheck = 0820;
				ORGANIZATIONNAME = Billy;
				TargetAttributes = {
					287ADE701E259D0900A2ABCC = {
						CreatedOnToolsVersion = 8.2.1;
						DevelopmentTeam = BQ64AM57S3;
						ProvisioningStyle = Automatic;
					};
				};
			};
			buildConfigurationList = 287ADE6C1E259D0900A2ABCC /* Build configuration list for PBXProject "WeatherApp" */;
			compatibilityVersion = "Xcode 3.2";
			developmentRegion = English;
			hasScannedForEncodings = 0;
			knownRegions = (
				en,
				Base,
			);
			mainGroup = 287ADE681E259D0900A2ABCC;
			productRefGroup = 287ADE721E259D0900A2ABCC /* Products */;
			projectDirPath = "";
			projectRoot = "";
			targets = (
				287ADE701E259D0900A2ABCC /* WeatherApp */,
			);
		};
/* End PBXProject section */

/* Begin PBXResourcesBuildPhase section */
		287ADE6F1E259D0900A2ABCC /* Resources */ = {
			isa = PBXResourcesBuildPhase;
			buildActionMask = 2147483647;
			files = (
				287ADE7F1E259D0900A2ABCC /* LaunchScreen.storyboard in Resources */,
				287ADE7C1E259D0900A2ABCC /* Assets.xcassets in Resources */,
				287ADE7A1E259D0900A2ABCC /* Main.storyboard in Resources */,
			);
			runOnlyForDeploymentPostprocessing = 0;
		};
/* End PBXResourcesBuildPhase section */

/* Begin PBXShellScriptBuildPhase section */
		2FD2E3B79C2AC048EF955401 /* [CP] Embed Pods Frameworks */ = {
			isa = PBXShellScriptBuildPhase;
			buildActionMask = 2147483647;
			files = (
			);
			inputPaths = (
			);
			name = "[CP] Embed Pods Frameworks";
			outputPaths = (
			);
			runOnlyForDeploymentPostprocessing = 0;
			shellPath = /bin/sh;
			shellScript = "\"${SRCROOT}/Pods/Target Support Files/Pods-WeatherApp/Pods-WeatherApp-frameworks.sh\"\n";
			showEnvVarsInLog = 0;
		};
		3A607867AE1F32D6828D4DB9 /* [CP] Check Pods Manifest.lock */ = {
			isa = PBXShellScriptBuildPhase;
			buildActionMask = 2147483647;
			files = (
			);
			inputPaths = (
			);
			name = "[CP] Check Pods Manifest.lock";
			outputPaths = (
			);
			runOnlyForDeploymentPostprocessing = 0;
			shellPath = /bin/sh;
			shellScript = "diff \"${PODS_ROOT}/../Podfile.lock\" \"${PODS_ROOT}/Manifest.lock\" > /dev/null\nif [ $? != 0 ] ; then\n    # print error to STDERR\n    echo \"error: The sandbox is not in sync with the Podfile.lock. Run 'pod install' or update your CocoaPods installation.\" >&2\n    exit 1\nfi\n";
			showEnvVarsInLog = 0;
		};
		4FD239B6D0E0CEE5156C4DE4 /* [CP] Copy Pods Resources */ = {
			isa = PBXShellScriptBuildPhase;
			buildActionMask = 2147483647;
			files = (
			);
			inputPaths = (
			);
			name = "[CP] Copy Pods Resources";
			outputPaths = (
			);
			runOnlyForDeploymentPostprocessing = 0;
			shellPath = /bin/sh;
			shellScript = "\"${SRCROOT}/Pods/Target Support Files/Pods-WeatherApp/Pods-WeatherApp-resources.sh\"\n";
			showEnvVarsInLog = 0;
		};
/* End PBXShellScriptBuildPhase section */

/* Begin PBXSourcesBuildPhase section */
		287ADE6D1E259D0900A2ABCC /* Sources */ = {
			isa = PBXSourcesBuildPhase;
			buildActionMask = 2147483647;
			files = (
				287ADE771E259D0900A2ABCC /* WeatherVC.swift in Sources */,
				287ADE751E259D0900A2ABCC /* AppDelegate.swift in Sources */,
				287ADE8C1E25A9C600A2ABCC /* CurrentWeather.swift in Sources */,
				287ADE8A1E25A78900A2ABCC /* Constants.swift in Sources */,
			);
			runOnlyForDeploymentPostprocessing = 0;
		};
/* End PBXSourcesBuildPhase section */

/* Begin PBXVariantGroup section */
		287ADE781E259D0900A2ABCC /* Main.storyboard */ = {
			isa = PBXVariantGroup;
			children = (
				287ADE791E259D0900A2ABCC /* Base */,
			);
			name = Main.storyboard;
			sourceTree = "<group>";
		};
		287ADE7D1E259D0900A2ABCC /* LaunchScreen.storyboard */ = {
			isa = PBXVariantGroup;
			children = (
				287ADE7E1E259D0900A2ABCC /* Base */,
			);
			name = LaunchScreen.storyboard;
			sourceTree = "<group>";
		};
/* End PBXVariantGroup section */

/* Begin XCBuildConfiguration section */
		287ADE811E259D0900A2ABCC /* Debug */ = {
			isa = XCBuildConfiguration;
			buildSettings = {
				ALWAYS_SEARCH_USER_PATHS = NO;
				CLANG_ANALYZER_NONNULL = YES;
				CLANG_CXX_LANGUAGE_STANDARD = "gnu++0x";
				CLANG_CXX_LIBRARY = "libc++";
				CLANG_ENABLE_MODULES = YES;
				CLANG_ENABLE_OBJC_ARC = YES;
				CLANG_WARN_BOOL_CONVERSION = YES;
				CLANG_WARN_CONSTANT_CONVERSION = YES;
				CLANG_WARN_DIRECT_OBJC_ISA_USAGE = YES_ERROR;
				CLANG_WARN_DOCUMENTATION_COMMENTS = YES;
				CLANG_WARN_EMPTY_BODY = YES;
				CLANG_WARN_ENUM_CONVERSION = YES;
				CLANG_WARN_INFINITE_RECURSION = YES;
				CLANG_WARN_INT_CONVERSION = YES;
				CLANG_WARN_OBJC_ROOT_CLASS = YES_ERROR;
				CLANG_WARN_SUSPICIOUS_MOVE = YES;
				CLANG_WARN_UNREACHABLE_CODE = YES;
				CLANG_WARN__DUPLICATE_METHOD_MATCH = YES;
				"CODE_SIGN_IDENTITY[sdk=iphoneos*]" = "iPhone Developer";
				COPY_PHASE_STRIP = NO;
				DEBUG_INFORMATION_FORMAT = dwarf;
				ENABLE_STRICT_OBJC_MSGSEND = YES;
				ENABLE_TESTABILITY = YES;
				GCC_C_LANGUAGE_STANDARD = gnu99;
				GCC_DYNAMIC_NO_PIC = NO;
				GCC_NO_COMMON_BLOCKS = YES;
				GCC_OPTIMIZATION_LEVEL = 0;
				GCC_PREPROCESSOR_DEFINITIONS = (
					"DEBUG=1",
					"$(inherited)",
				);
				GCC_WARN_64_TO_32_BIT_CONVERSION = YES;
				GCC_WARN_ABOUT_RETURN_TYPE = YES_ERROR;
				GCC_WARN_UNDECLARED_SELECTOR = YES;
				GCC_WARN_UNINITIALIZED_AUTOS = YES_AGGRESSIVE;
				GCC_WARN_UNUSED_FUNCTION = YES;
				GCC_WARN_UNUSED_VARIABLE = YES;
				IPHONEOS_DEPLOYMENT_TARGET = 10.2;
				MTL_ENABLE_DEBUG_INFO = YES;
				ONLY_ACTIVE_ARCH = YES;
				SDKROOT = iphoneos;
				SWIFT_ACTIVE_COMPILATION_CONDITIONS = DEBUG;
				SWIFT_OPTIMIZATION_LEVEL = "-Onone";
			};
			name = Debug;
		};
		287ADE821E259D0900A2ABCC /* Release */ = {
			isa = XCBuildConfiguration;
			buildSettings = {
				ALWAYS_SEARCH_USER_PATHS = NO;
				CLANG_ANALYZER_NONNULL = YES;
				CLANG_CXX_LANGUAGE_STANDARD = "gnu++0x";
				CLANG_CXX_LIBRARY = "libc++";
				CLANG_ENABLE_MODULES = YES;
				CLANG_ENABLE_OBJC_ARC = YES;
				CLANG_WARN_BOOL_CONVERSION = YES;
				CLANG_WARN_CONSTANT_CONVERSION = YES;
				CLANG_WARN_DIRECT_OBJC_ISA_USAGE = YES_ERROR;
				CLANG_WARN_DOCUMENTATION_COMMENTS = YES;
				CLANG_WARN_EMPTY_BODY = YES;
				CLANG_WARN_ENUM_CONVERSION = YES;
				CLANG_WARN_INFINITE_RECURSION = YES;
				CLANG_WARN_INT_CONVERSION = YES;
				CLANG_WARN_OBJC_ROOT_CLASS = YES_ERROR;
				CLANG_WARN_SUSPICIOUS_MOVE = YES;
				CLANG_WARN_UNREACHABLE_CODE = YES;
				CLANG_WARN__DUPLICATE_METHOD_MATCH = YES;
				"CODE_SIGN_IDENTITY[sdk=iphoneos*]" = "iPhone Developer";
				COPY_PHASE_STRIP = NO;
				DEBUG_INFORMATION_FORMAT = "dwarf-with-dsym";
				ENABLE_NS_ASSERTIONS = NO;
				ENABLE_STRICT_OBJC_MSGSEND = YES;
				GCC_C_LANGUAGE_STANDARD = gnu99;
				GCC_NO_COMMON_BLOCKS = YES;
				GCC_WARN_64_TO_32_BIT_CONVERSION = YES;
				GCC_WARN_ABOUT_RETURN_TYPE = YES_ERROR;
				GCC_WARN_UNDECLARED_SELECTOR = YES;
				GCC_WARN_UNINITIALIZED_AUTOS = YES_AGGRESSIVE;
				GCC_WARN_UNUSED_FUNCTION = YES;
				GCC_WARN_UNUSED_VARIABLE = YES;
				IPHONEOS_DEPLOYMENT_TARGET = 10.2;
				MTL_ENABLE_DEBUG_INFO = NO;
				SDKROOT = iphoneos;
				SWIFT_OPTIMIZATION_LEVEL = "-Owholemodule";
				VALIDATE_PRODUCT = YES;
			};
			name = Release;
		};
		287ADE841E259D0900A2ABCC /* Debug */ = {
			isa = XCBuildConfiguration;
			baseConfigurationReference = DE1A296A9EF027B21955EE31 /* Pods-WeatherApp.debug.xcconfig */;
			buildSettings = {
				ALWAYS_EMBED_SWIFT_STANDARD_LIBRARIES = YES;
				ASSETCATALOG_COMPILER_APPICON_NAME = AppIcon;
				DEVELOPMENT_TEAM = BQ64AM57S3;
				INFOPLIST_FILE = WeatherApp/Info.plist;
				LD_RUNPATH_SEARCH_PATHS = "$(inherited) @executable_path/Frameworks";
				PRODUCT_BUNDLE_IDENTIFIER = billy1301.WeatherApp;
				PRODUCT_NAME = "$(TARGET_NAME)";
				SWIFT_VERSION = 3.0;
			};
			name = Debug;
		};
		287ADE851E259D0900A2ABCC /* Release */ = {
			isa = XCBuildConfiguration;
			baseConfigurationReference = 53C6587990D234615DC75067 /* Pods-WeatherApp.release.xcconfig */;
			buildSettings = {
				ALWAYS_EMBED_SWIFT_STANDARD_LIBRARIES = YES;
				ASSETCATALOG_COMPILER_APPICON_NAME = AppIcon;
				DEVELOPMENT_TEAM = BQ64AM57S3;
				INFOPLIST_FILE = WeatherApp/Info.plist;
				LD_RUNPATH_SEARCH_PATHS = "$(inherited) @executable_path/Frameworks";
				PRODUCT_BUNDLE_IDENTIFIER = billy1301.WeatherApp;
				PRODUCT_NAME = "$(TARGET_NAME)";
				SWIFT_VERSION = 3.0;
			};
			name = Release;
		};
/* End XCBuildConfiguration section */

/* Begin XCConfigurationList section */
		287ADE6C1E259D0900A2ABCC /* Build configuration list for PBXProject "WeatherApp" */ = {
			isa = XCConfigurationList;
			buildConfigurations = (
				287ADE811E259D0900A2ABCC /* Debug */,
				287ADE821E259D0900A2ABCC /* Release */,
			);
			defaultConfigurationIsVisible = 0;
			defaultConfigurationName = Release;
		};
		287ADE831E259D0900A2ABCC /* Build configuration list for PBXNativeTarget "WeatherApp" */ = {
			isa = XCConfigurationList;
			buildConfigurations = (
				287ADE841E259D0900A2ABCC /* Debug */,
				287ADE851E259D0900A2ABCC /* Release */,
			);
			defaultConfigurationIsVisible = 0;
			defaultConfigurationName = Release;
		};
/* End XCConfigurationList section */
	};
	rootObject = 287ADE691E259D0900A2ABCC /* Project object */;
}
